PODS:
  - ChameleonFramework/Default (2.1.0)
  - ChameleonFramework/Swift (2.1.0):
    - ChameleonFramework/Default
  - DCKit (1.0.6)

DEPENDENCIES:
  - ChameleonFramework/Swift (from `https://github.com/ViccAlexander/Chameleon.git`)
  - DCKit (from `https://github.com/andrew8712/DCKit.git`)

EXTERNAL SOURCES:
  ChameleonFramework:
    :git: https://github.com/ViccAlexander/Chameleon.git
  DCKit:
    :git: https://github.com/andrew8712/DCKit.git

CHECKOUT OPTIONS:
  ChameleonFramework:
    :commit: acc480fbe023c6e5fe40f68593f4a70a8c4c7ad5
    :git: https://github.com/ViccAlexander/Chameleon.git
  DCKit:
    :commit: 9710a3c1723ed8082eba6ebfb10375745b45a616
    :git: https://github.com/andrew8712/DCKit.git

SPEC CHECKSUMS:
  ChameleonFramework: d21a3cc247abfe5e37609a283a8238b03575cf64
  DCKit: ae5de8461680fe62c878cb0474355657b962d488

PODFILE CHECKSUM: 72a698c94df5d8eea10cdf25995f6e8b329e4407

COCOAPODS: 1.2.1
